
Microsoft Visual Studio Solution File, Format Version 12.00
# Visual Studio Version 17
VisualStudioVersion = 17.2.32616.157
MinimumVisualStudioVersion = 10.0.40219.1
Project("{9A19103F-16F7-4668-BE54-9A1E7A4F7556}") = "IYLTDSU.Shared", "IYLTDSU.Shared\IYLTDSU.Shared.csproj", "{EE02ED86-E13F-4380-A4EF-50A30FE5D320}"
EndProject
Project("{9A19103F-16F7-4668-BE54-9A1E7A4F7556}") = "IYLTDSU.Persistance", "IYLTDSU.Persistance\IYLTDSU.Persistance.csproj", "{3217956F-031B-4C8A-9C34-C985E6435FC9}"
EndProject
Project("{9A19103F-16F7-4668-BE54-9A1E7A4F7556}") = "IYLTDSU.Business", "IYLTDSU.Business\IYLTDSU.Business.csproj", "{6E5E6936-BA35-449F-8C35-434420CA0FC5}"
EndProject
Project("{2150E333-8FDC-42A3-9474-1A3956D46DE8}") = "src", "src", "{088C564B-0B5F-4181-8538-DEC46FE11970}"
EndProject
Project("{9A19103F-16F7-4668-BE54-9A1E7A4F7556}") = "IYLTDSU.Domain.Infrastructure", "IYLTDSU.Domain.Infrastructure\IYLTDSU.Domain.Infrastructure.csproj", "{4E708E59-EA2B-4F05-86CF-09A8749ABEAF}"
EndProject
Project("{9A19103F-16F7-4668-BE54-9A1E7A4F7556}") = "IYLTDSU.Extensions", "IYLTDSU.Domain.Extensions\IYLTDSU.Extensions.csproj", "{00F2F92D-5962-49D7-95E0-4D6C87C9CC6D}"
EndProject
Project("{9A19103F-16F7-4668-BE54-9A1E7A4F7556}") = "IYLTDSU.Domain", "IYLTDSU.Domain\IYLTDSU.Domain.csproj", "{CF91A0A3-FFB9-43CE-9596-6E4D16ACCA44}"
EndProject
Project("{9A19103F-16F7-4668-BE54-9A1E7A4F7556}") = "IYLTDSU.Business.X01", "IYLTDSU.Business.X01\IYLTDSU.Business.X01.csproj", "{B0950DED-07C1-4342-BF47-54B868EE931C}"
EndProject
Project("{9A19103F-16F7-4668-BE54-9A1E7A4F7556}") = "IYLTDSU.Business.Cricket", "IYLTDSU.Business.Cricket\IYLTDSU.Business.Cricket.csproj", "{D899AF28-B31F-469E-B132-6C600449CCA1}"
EndProject
Global
	GlobalSection(SolutionConfigurationPlatforms) = preSolution
		Debug|Any CPU = Debug|Any CPU
		Release|Any CPU = Release|Any CPU
	EndGlobalSection
	GlobalSection(ProjectConfigurationPlatforms) = postSolution
		{EE02ED86-E13F-4380-A4EF-50A30FE5D320}.Debug|Any CPU.ActiveCfg = Debug|Any CPU
		{EE02ED86-E13F-4380-A4EF-50A30FE5D320}.Debug|Any CPU.Build.0 = Debug|Any CPU
		{EE02ED86-E13F-4380-A4EF-50A30FE5D320}.Release|Any CPU.ActiveCfg = Release|Any CPU
		{EE02ED86-E13F-4380-A4EF-50A30FE5D320}.Release|Any CPU.Build.0 = Release|Any CPU
		{3217956F-031B-4C8A-9C34-C985E6435FC9}.Debug|Any CPU.ActiveCfg = Debug|Any CPU
		{3217956F-031B-4C8A-9C34-C985E6435FC9}.Debug|Any CPU.Build.0 = Debug|Any CPU
		{3217956F-031B-4C8A-9C34-C985E6435FC9}.Release|Any CPU.ActiveCfg = Release|Any CPU
		{3217956F-031B-4C8A-9C34-C985E6435FC9}.Release|Any CPU.Build.0 = Release|Any CPU
		{6E5E6936-BA35-449F-8C35-434420CA0FC5}.Debug|Any CPU.ActiveCfg = Debug|Any CPU
		{6E5E6936-BA35-449F-8C35-434420CA0FC5}.Debug|Any CPU.Build.0 = Debug|Any CPU
		{6E5E6936-BA35-449F-8C35-434420CA0FC5}.Release|Any CPU.ActiveCfg = Release|Any CPU
		{6E5E6936-BA35-449F-8C35-434420CA0FC5}.Release|Any CPU.Build.0 = Release|Any CPU
		{4E708E59-EA2B-4F05-86CF-09A8749ABEAF}.Debug|Any CPU.ActiveCfg = Debug|Any CPU
		{4E708E59-EA2B-4F05-86CF-09A8749ABEAF}.Debug|Any CPU.Build.0 = Debug|Any CPU
		{4E708E59-EA2B-4F05-86CF-09A8749ABEAF}.Release|Any CPU.ActiveCfg = Release|Any CPU
		{4E708E59-EA2B-4F05-86CF-09A8749ABEAF}.Release|Any CPU.Build.0 = Release|Any CPU
		{00F2F92D-5962-49D7-95E0-4D6C87C9CC6D}.Debug|Any CPU.ActiveCfg = Debug|Any CPU
		{00F2F92D-5962-49D7-95E0-4D6C87C9CC6D}.Debug|Any CPU.Build.0 = Debug|Any CPU
		{00F2F92D-5962-49D7-95E0-4D6C87C9CC6D}.Release|Any CPU.ActiveCfg = Release|Any CPU
		{00F2F92D-5962-49D7-95E0-4D6C87C9CC6D}.Release|Any CPU.Build.0 = Release|Any CPU
		{CF91A0A3-FFB9-43CE-9596-6E4D16ACCA44}.Debug|Any CPU.ActiveCfg = Debug|Any CPU
		{CF91A0A3-FFB9-43CE-9596-6E4D16ACCA44}.Debug|Any CPU.Build.0 = Debug|Any CPU
		{CF91A0A3-FFB9-43CE-9596-6E4D16ACCA44}.Release|Any CPU.ActiveCfg = Release|Any CPU
		{CF91A0A3-FFB9-43CE-9596-6E4D16ACCA44}.Release|Any CPU.Build.0 = Release|Any CPU
		{B0950DED-07C1-4342-BF47-54B868EE931C}.Debug|Any CPU.ActiveCfg = Debug|Any CPU
		{B0950DED-07C1-4342-BF47-54B868EE931C}.Debug|Any CPU.Build.0 = Debug|Any CPU
		{B0950DED-07C1-4342-BF47-54B868EE931C}.Release|Any CPU.ActiveCfg = Release|Any CPU
		{B0950DED-07C1-4342-BF47-54B868EE931C}.Release|Any CPU.Build.0 = Release|Any CPU
		{D899AF28-B31F-469E-B132-6C600449CCA1}.Debug|Any CPU.ActiveCfg = Debug|Any CPU
		{D899AF28-B31F-469E-B132-6C600449CCA1}.Debug|Any CPU.Build.0 = Debug|Any CPU
		{D899AF28-B31F-469E-B132-6C600449CCA1}.Release|Any CPU.ActiveCfg = Release|Any CPU
		{D899AF28-B31F-469E-B132-6C600449CCA1}.Release|Any CPU.Build.0 = Release|Any CPU
	EndGlobalSection
	GlobalSection(SolutionProperties) = preSolution
		HideSolutionNode = FALSE
	EndGlobalSection
	GlobalSection(NestedProjects) = preSolution
		{EE02ED86-E13F-4380-A4EF-50A30FE5D320} = {088C564B-0B5F-4181-8538-DEC46FE11970}
		{3217956F-031B-4C8A-9C34-C985E6435FC9} = {088C564B-0B5F-4181-8538-DEC46FE11970}
		{6E5E6936-BA35-449F-8C35-434420CA0FC5} = {088C564B-0B5F-4181-8538-DEC46FE11970}
		{4E708E59-EA2B-4F05-86CF-09A8749ABEAF} = {088C564B-0B5F-4181-8538-DEC46FE11970}
		{00F2F92D-5962-49D7-95E0-4D6C87C9CC6D} = {088C564B-0B5F-4181-8538-DEC46FE11970}
		{CF91A0A3-FFB9-43CE-9596-6E4D16ACCA44} = {088C564B-0B5F-4181-8538-DEC46FE11970}
		{B0950DED-07C1-4342-BF47-54B868EE931C} = {088C564B-0B5F-4181-8538-DEC46FE11970}
		{D899AF28-B31F-469E-B132-6C600449CCA1} = {088C564B-0B5F-4181-8538-DEC46FE11970}
	EndGlobalSection
	GlobalSection(ExtensibilityGlobals) = postSolution
		SolutionGuid = {03073B48-3778-4FC4-9823-17447A4BB1D9}
	EndGlobalSection
EndGlobal
